// !$*UTF8*$!
{
	archiveVersion = 1;
	classes = {
	};
	objectVersion = 50;
	objects = {

/* Begin PBXBuildFile section */
		8E25F25124521EA400E20DC3 /* AppDelegate.swift in Sources */ = {isa = PBXBuildFile; fileRef = 8E25F25024521EA400E20DC3 /* AppDelegate.swift */; };
		8E25F25324521EA400E20DC3 /* SceneDelegate.swift in Sources */ = {isa = PBXBuildFile; fileRef = 8E25F25224521EA400E20DC3 /* SceneDelegate.swift */; };
		8E25F25824521EA400E20DC3 /* Main.storyboard in Resources */ = {isa = PBXBuildFile; fileRef = 8E25F25624521EA400E20DC3 /* Main.storyboard */; };
		8E25F25A24521EA500E20DC3 /* Assets.xcassets in Resources */ = {isa = PBXBuildFile; fileRef = 8E25F25924521EA500E20DC3 /* Assets.xcassets */; };
		8E25F25D24521EA500E20DC3 /* LaunchScreen.storyboard in Resources */ = {isa = PBXBuildFile; fileRef = 8E25F25B24521EA500E20DC3 /* LaunchScreen.storyboard */; };
		8E25F26A245220FB00E20DC3 /* README.md in Resources */ = {isa = PBXBuildFile; fileRef = 8E25F269245220FB00E20DC3 /* README.md */; };
		8E25F26C2452211800E20DC3 /* Photo.swift in Sources */ = {isa = PBXBuildFile; fileRef = 8E25F26B2452211800E20DC3 /* Photo.swift */; };
		8E25F26E2452215A00E20DC3 /* PhotoController.swift in Sources */ = {isa = PBXBuildFile; fileRef = 8E25F26D2452215A00E20DC3 /* PhotoController.swift */; };
		8E25F270245222DC00E20DC3 /* ThemeHelper.swift in Sources */ = {isa = PBXBuildFile; fileRef = 8E25F26F245222DC00E20DC3 /* ThemeHelper.swift */; };
		8E25F27224522D7800E20DC3 /* PhotosCollectionViewController.swift in Sources */ = {isa = PBXBuildFile; fileRef = 8E25F27124522D7800E20DC3 /* PhotosCollectionViewController.swift */; };
		8E25F27424522DFA00E20DC3 /* PhotosCollectionViewCell.swift in Sources */ = {isa = PBXBuildFile; fileRef = 8E25F27324522DFA00E20DC3 /* PhotosCollectionViewCell.swift */; };
		8E25F2762452316D00E20DC3 /* PhotosDetailViewController.swift in Sources */ = {isa = PBXBuildFile; fileRef = 8E25F2752452316D00E20DC3 /* PhotosDetailViewController.swift */; };
		8E25F2782452349C00E20DC3 /* ThemeSelectionViewController.swift in Sources */ = {isa = PBXBuildFile; fileRef = 8E25F2772452349C00E20DC3 /* ThemeSelectionViewController.swift */; };
/* End PBXBuildFile section */

/* Begin PBXFileReference section */
		8E25F24D24521EA400E20DC3 /* Photo Collection.app */ = {isa = PBXFileReference; explicitFileType = wrapper.application; includeInIndex = 0; path = "Photo Collection.app"; sourceTree = BUILT_PRODUCTS_DIR; };
		8E25F25024521EA400E20DC3 /* AppDelegate.swift */ = {isa = PBXFileReference; lastKnownFileType = sourcecode.swift; path = AppDelegate.swift; sourceTree = "<group>"; };
		8E25F25224521EA400E20DC3 /* SceneDelegate.swift */ = {isa = PBXFileReference; lastKnownFileType = sourcecode.swift; path = SceneDelegate.swift; sourceTree = "<group>"; };
		8E25F25724521EA400E20DC3 /* Base */ = {isa = PBXFileReference; lastKnownFileType = file.storyboard; name = Base; path = Base.lproj/Main.storyboard; sourceTree = "<group>"; };
		8E25F25924521EA500E20DC3 /* Assets.xcassets */ = {isa = PBXFileReference; lastKnownFileType = folder.assetcatalog; path = Assets.xcassets; sourceTree = "<group>"; };
		8E25F25C24521EA500E20DC3 /* Base */ = {isa = PBXFileReference; lastKnownFileType = file.storyboard; name = Base; path = Base.lproj/LaunchScreen.storyboard; sourceTree = "<group>"; };
		8E25F25E24521EA500E20DC3 /* Info.plist */ = {isa = PBXFileReference; lastKnownFileType = text.plist.xml; path = Info.plist; sourceTree = "<group>"; };
		8E25F269245220FB00E20DC3 /* README.md */ = {isa = PBXFileReference; fileEncoding = 4; lastKnownFileType = net.daringfireball.markdown; name = README.md; path = ../../README.md; sourceTree = "<group>"; };
		8E25F26B2452211800E20DC3 /* Photo.swift */ = {isa = PBXFileReference; lastKnownFileType = sourcecode.swift; path = Photo.swift; sourceTree = "<group>"; };
		8E25F26D2452215A00E20DC3 /* PhotoController.swift */ = {isa = PBXFileReference; lastKnownFileType = sourcecode.swift; name = PhotoController.swift; path = "Photo Collection/PhotoController.swift"; sourceTree = SOURCE_ROOT; };
		8E25F26F245222DC00E20DC3 /* ThemeHelper.swift */ = {isa = PBXFileReference; lastKnownFileType = sourcecode.swift; path = ThemeHelper.swift; sourceTree = "<group>"; };
		8E25F27124522D7800E20DC3 /* PhotosCollectionViewController.swift */ = {isa = PBXFileReference; lastKnownFileType = sourcecode.swift; name = PhotosCollectionViewController.swift; path = "Photo Collection/PhotosCollectionViewController.swift"; sourceTree = SOURCE_ROOT; };
		8E25F27324522DFA00E20DC3 /* PhotosCollectionViewCell.swift */ = {isa = PBXFileReference; lastKnownFileType = sourcecode.swift; name = PhotosCollectionViewCell.swift; path = "Photo Collection/PhotosCollectionViewCell.swift"; sourceTree = SOURCE_ROOT; };
		8E25F2752452316D00E20DC3 /* PhotosDetailViewController.swift */ = {isa = PBXFileReference; lastKnownFileType = sourcecode.swift; name = PhotosDetailViewController.swift; path = "Photo Collection/PhotosDetailViewController.swift"; sourceTree = SOURCE_ROOT; };
		8E25F2772452349C00E20DC3 /* ThemeSelectionViewController.swift */ = {isa = PBXFileReference; lastKnownFileType = sourcecode.swift; path = ThemeSelectionViewController.swift; sourceTree = "<group>"; };
/* End PBXFileReference section */

/* Begin PBXFrameworksBuildPhase section */
		8E25F24A24521EA400E20DC3 /* Frameworks */ = {
			isa = PBXFrameworksBuildPhase;
			buildActionMask = 2147483647;
			files = (
			);
			runOnlyForDeploymentPostprocessing = 0;
		};
/* End PBXFrameworksBuildPhase section */

/* Begin PBXGroup section */
		8E25F24424521EA400E20DC3 = {
			isa = PBXGroup;
			children = (
				8E25F24F24521EA400E20DC3 /* Photo Collection */,
				8E25F24E24521EA400E20DC3 /* Products */,
			);
			sourceTree = "<group>";
		};
		8E25F24E24521EA400E20DC3 /* Products */ = {
			isa = PBXGroup;
			children = (
				8E25F24D24521EA400E20DC3 /* Photo Collection.app */,
			);
			name = Products;
			sourceTree = "<group>";
		};
		8E25F24F24521EA400E20DC3 /* Photo Collection */ = {
			isa = PBXGroup;
			children = (
				8E25F269245220FB00E20DC3 /* README.md */,
				8E25F26F245222DC00E20DC3 /* ThemeHelper.swift */,
				8E25F268245220AA00E20DC3 /* Controllers */,
				8E25F267245220A200E20DC3 /* ViewControllers */,
				8E25F2662452209D00E20DC3 /* Views */,
				8E25F2652452209600E20DC3 /* Model */,
				8E25F2642452207800E20DC3 /* Resources */,
				8E25F25624521EA400E20DC3 /* Main.storyboard */,
				8E25F25B24521EA500E20DC3 /* LaunchScreen.storyboard */,
				8E25F25E24521EA500E20DC3 /* Info.plist */,
			);
			path = "Photo Collection";
			sourceTree = "<group>";
		};
		8E25F2642452207800E20DC3 /* Resources */ = {
			isa = PBXGroup;
			children = (
				8E25F25024521EA400E20DC3 /* AppDelegate.swift */,
				8E25F25224521EA400E20DC3 /* SceneDelegate.swift */,
				8E25F25924521EA500E20DC3 /* Assets.xcassets */,
			);
			path = Resources;
			sourceTree = "<group>";
		};
		8E25F2652452209600E20DC3 /* Model */ = {
			isa = PBXGroup;
			children = (
				8E25F26B2452211800E20DC3 /* Photo.swift */,
			);
			path = Model;
			sourceTree = "<group>";
		};
		8E25F2662452209D00E20DC3 /* Views */ = {
			isa = PBXGroup;
			children = (
				8E25F27324522DFA00E20DC3 /* PhotosCollectionViewCell.swift */,
			);
			path = Views;
			sourceTree = "<group>";
		};
		8E25F267245220A200E20DC3 /* ViewControllers */ = {
			isa = PBXGroup;
			children = (
				8E25F2752452316D00E20DC3 /* PhotosDetailViewController.swift */,
				8E25F2772452349C00E20DC3 /* ThemeSelectionViewController.swift */,
				8E25F27124522D7800E20DC3 /* PhotosCollectionViewController.swift */,
			);
			path = ViewControllers;
			sourceTree = "<group>";
		};
		8E25F268245220AA00E20DC3 /* Controllers */ = {
			isa = PBXGroup;
			children = (
				8E25F26D2452215A00E20DC3 /* PhotoController.swift */,
			);
			path = Controllers;
			sourceTree = "<group>";
		};
/* End PBXGroup section */

/* Begin PBXNativeTarget section */
		8E25F24C24521EA400E20DC3 /* Photo Collection */ = {
			isa = PBXNativeTarget;
			buildConfigurationList = 8E25F26124521EA500E20DC3 /* Build configuration list for PBXNativeTarget "Photo Collection" */;
			buildPhases = (
				8E25F24924521EA400E20DC3 /* Sources */,
				8E25F24A24521EA400E20DC3 /* Frameworks */,
				8E25F24B24521EA400E20DC3 /* Resources */,
			);
			buildRules = (
			);
			dependencies = (
			);
			name = "Photo Collection";
			productName = "Photo Collection";
			productReference = 8E25F24D24521EA400E20DC3 /* Photo Collection.app */;
			productType = "com.apple.product-type.application";
		};
/* End PBXNativeTarget section */

/* Begin PBXProject section */
		8E25F24524521EA400E20DC3 /* Project object */ = {
			isa = PBXProject;
			attributes = {
				LastSwiftUpdateCheck = 1140;
				LastUpgradeCheck = 1140;
				ORGANIZATIONNAME = "Joe Veverka";
				TargetAttributes = {
					8E25F24C24521EA400E20DC3 = {
						CreatedOnToolsVersion = 11.4.1;
					};
				};
			};
			buildConfigurationList = 8E25F24824521EA400E20DC3 /* Build configuration list for PBXProject "Photo Collection" */;
			compatibilityVersion = "Xcode 9.3";
			developmentRegion = en;
			hasScannedForEncodings = 0;
			knownRegions = (
				en,
				Base,
			);
			mainGroup = 8E25F24424521EA400E20DC3;
			productRefGroup = 8E25F24E24521EA400E20DC3 /* Products */;
			projectDirPath = "";
			projectRoot = "";
			targets = (
				8E25F24C24521EA400E20DC3 /* Photo Collection */,
			);
		};
/* End PBXProject section */

/* Begin PBXResourcesBuildPhase section */
		8E25F24B24521EA400E20DC3 /* Resources */ = {
			isa = PBXResourcesBuildPhase;
			buildActionMask = 2147483647;
			files = (
				8E25F25D24521EA500E20DC3 /* LaunchScreen.storyboard in Resources */,
				8E25F25A24521EA500E20DC3 /* Assets.xcassets in Resources */,
				8E25F26A245220FB00E20DC3 /* README.md in Resources */,
				8E25F25824521EA400E20DC3 /* Main.storyboard in Resources */,
			);
			runOnlyForDeploymentPostprocessing = 0;
		};
/* End PBXResourcesBuildPhase section */

/* Begin PBXSourcesBuildPhase section */
		8E25F24924521EA400E20DC3 /* Sources */ = {
			isa = PBXSourcesBuildPhase;
			buildActionMask = 2147483647;
			files = (
				8E25F26C2452211800E20DC3 /* Photo.swift in Sources */,
				8E25F27424522DFA00E20DC3 /* PhotosCollectionViewCell.swift in Sources */,
				8E25F25124521EA400E20DC3 /* AppDelegate.swift in Sources */,
				8E25F26E2452215A00E20DC3 /* PhotoController.swift in Sources */,
				8E25F2762452316D00E20DC3 /* PhotosDetailViewController.swift in Sources */,
				8E25F27224522D7800E20DC3 /* PhotosCollectionViewController.swift in Sources */,
				8E25F270245222DC00E20DC3 /* ThemeHelper.swift in Sources */,
				8E25F2782452349C00E20DC3 /* ThemeSelectionViewController.swift in Sources */,
				8E25F25324521EA400E20DC3 /* SceneDelegate.swift in Sources */,
			);
			runOnlyForDeploymentPostprocessing = 0;
		};
/* End PBXSourcesBuildPhase section */

/* Begin PBXVariantGroup section */
		8E25F25624521EA400E20DC3 /* Main.storyboard */ = {
			isa = PBXVariantGroup;
			children = (
				8E25F25724521EA400E20DC3 /* Base */,
			);
			name = Main.storyboard;
			sourceTree = "<group>";
		};
		8E25F25B24521EA500E20DC3 /* LaunchScreen.storyboard */ = {
			isa = PBXVariantGroup;
			children = (
				8E25F25C24521EA500E20DC3 /* Base */,
			);
			name = LaunchScreen.storyboard;
			sourceTree = "<group>";
		};
/* End PBXVariantGroup section */

/* Begin XCBuildConfiguration section */
		8E25F25F24521EA500E20DC3 /* Debug */ = {
			isa = XCBuildConfiguration;
			buildSettings = {
				ALWAYS_SEARCH_USER_PATHS = NO;
				CLANG_ANALYZER_NONNULL = YES;
				CLANG_ANALYZER_NUMBER_OBJECT_CONVERSION = YES_AGGRESSIVE;
				CLANG_CXX_LANGUAGE_STANDARD = "gnu++14";
				CLANG_CXX_LIBRARY = "libc++";
				CLANG_ENABLE_MODULES = YES;
				CLANG_ENABLE_OBJC_ARC = YES;
				CLANG_ENABLE_OBJC_WEAK = YES;
				CLANG_WARN_BLOCK_CAPTURE_AUTORELEASING = YES;
				CLANG_WARN_BOOL_CONVERSION = YES;
				CLANG_WARN_COMMA = YES;
				CLANG_WARN_CONSTANT_CONVERSION = YES;
				CLANG_WARN_DEPRECATED_OBJC_IMPLEMENTATIONS = YES;
				CLANG_WARN_DIRECT_OBJC_ISA_USAGE = YES_ERROR;
				CLANG_WARN_DOCUMENTATION_COMMENTS = YES;
				CLANG_WARN_EMPTY_BODY = YES;
				CLANG_WARN_ENUM_CONVERSION = YES;
				CLANG_WARN_INFINITE_RECURSION = YES;
				CLANG_WARN_INT_CONVERSION = YES;
				CLANG_WARN_NON_LITERAL_NULL_CONVERSION = YES;
				CLANG_WARN_OBJC_IMPLICIT_RETAIN_SELF = YES;
				CLANG_WARN_OBJC_LITERAL_CONVERSION = YES;
				CLANG_WARN_OBJC_ROOT_CLASS = YES_ERROR;
				CLANG_WARN_RANGE_LOOP_ANALYSIS = YES;
				CLANG_WARN_STRICT_PROTOTYPES = YES;
				CLANG_WARN_SUSPICIOUS_MOVE = YES;
				CLANG_WARN_UNGUARDED_AVAILABILITY = YES_AGGRESSIVE;
				CLANG_WARN_UNREACHABLE_CODE = YES;
				CLANG_WARN__DUPLICATE_METHOD_MATCH = YES;
				COPY_PHASE_STRIP = NO;
				DEBUG_INFORMATION_FORMAT = dwarf;
				ENABLE_STRICT_OBJC_MSGSEND = YES;
				ENABLE_TESTABILITY = YES;
				GCC_C_LANGUAGE_STANDARD = gnu11;
				GCC_DYNAMIC_NO_PIC = NO;
				GCC_NO_COMMON_BLOCKS = YES;
				GCC_OPTIMIZATION_LEVEL = 0;
				GCC_PREPROCESSOR_DEFINITIONS = (
					"DEBUG=1",
					"$(inherited)",
				);
				GCC_WARN_64_TO_32_BIT_CONVERSION = YES;
				GCC_WARN_ABOUT_RETURN_TYPE = YES_ERROR;
				GCC_WARN_UNDECLARED_SELECTOR = YES;
				GCC_WARN_UNINITIALIZED_AUTOS = YES_AGGRESSIVE;
				GCC_WARN_UNUSED_FUNCTION = YES;
				GCC_WARN_UNUSED_VARIABLE = YES;
				IPHONEOS_DEPLOYMENT_TARGET = 13.4;
				MTL_ENABLE_DEBUG_INFO = INCLUDE_SOURCE;
				MTL_FAST_MATH = YES;
				ONLY_ACTIVE_ARCH = YES;
				SDKROOT = iphoneos;
				SWIFT_ACTIVE_COMPILATION_CONDITIONS = DEBUG;
				SWIFT_OPTIMIZATION_LEVEL = "-Onone";
			};
			name = Debug;
		};
		8E25F26024521EA500E20DC3 /* Release */ = {
			isa = XCBuildConfiguration;
			buildSettings = {
				ALWAYS_SEARCH_USER_PATHS = NO;
				CLANG_ANALYZER_NONNULL = YES;
				CLANG_ANALYZER_NUMBER_OBJECT_CONVERSION = YES_AGGRESSIVE;
				CLANG_CXX_LANGUAGE_STANDARD = "gnu++14";
				CLANG_CXX_LIBRARY = "libc++";
				CLANG_ENABLE_MODULES = YES;
				CLANG_ENABLE_OBJC_ARC = YES;
				CLANG_ENABLE_OBJC_WEAK = YES;
				CLANG_WARN_BLOCK_CAPTURE_AUTORELEASING = YES;
				CLANG_WARN_BOOL_CONVERSION = YES;
				CLANG_WARN_COMMA = YES;
				CLANG_WARN_CONSTANT_CONVERSION = YES;
				CLANG_WARN_DEPRECATED_OBJC_IMPLEMENTATIONS = YES;
				CLANG_WARN_DIRECT_OBJC_ISA_USAGE = YES_ERROR;
				CLANG_WARN_DOCUMENTATION_COMMENTS = YES;
				CLANG_WARN_EMPTY_BODY = YES;
				CLANG_WARN_ENUM_CONVERSION = YES;
				CLANG_WARN_INFINITE_RECURSION = YES;
				CLANG_WARN_INT_CONVERSION = YES;
				CLANG_WARN_NON_LITERAL_NULL_CONVERSION = YES;
				CLANG_WARN_OBJC_IMPLICIT_RETAIN_SELF = YES;
				CLANG_WARN_OBJC_LITERAL_CONVERSION = YES;
				CLANG_WARN_OBJC_ROOT_CLASS = YES_ERROR;
				CLANG_WARN_RANGE_LOOP_ANALYSIS = YES;
				CLANG_WARN_STRICT_PROTOTYPES = YES;
				CLANG_WARN_SUSPICIOUS_MOVE = YES;
				CLANG_WARN_UNGUARDED_AVAILABILITY = YES_AGGRESSIVE;
				CLANG_WARN_UNREACHABLE_CODE = YES;
				CLANG_WARN__DUPLICATE_METHOD_MATCH = YES;
				COPY_PHASE_STRIP = NO;
				DEBUG_INFORMATION_FORMAT = "dwarf-with-dsym";
				ENABLE_NS_ASSERTIONS = NO;
				ENABLE_STRICT_OBJC_MSGSEND = YES;
				GCC_C_LANGUAGE_STANDARD = gnu11;
				GCC_NO_COMMON_BLOCKS = YES;
				GCC_WARN_64_TO_32_BIT_CONVERSION = YES;
				GCC_WARN_ABOUT_RETURN_TYPE = YES_ERROR;
				GCC_WARN_UNDECLARED_SELECTOR = YES;
				GCC_WARN_UNINITIALIZED_AUTOS = YES_AGGRESSIVE;
				GCC_WARN_UNUSED_FUNCTION = YES;
				GCC_WARN_UNUSED_VARIABLE = YES;
				IPHONEOS_DEPLOYMENT_TARGET = 13.4;
				MTL_ENABLE_DEBUG_INFO = NO;
				MTL_FAST_MATH = YES;
				SDKROOT = iphoneos;
				SWIFT_COMPILATION_MODE = wholemodule;
				SWIFT_OPTIMIZATION_LEVEL = "-O";
				VALIDATE_PRODUCT = YES;
			};
			name = Release;
		};
		8E25F26224521EA500E20DC3 /* Debug */ = {
			isa = XCBuildConfiguration;
			buildSettings = {
				ASSETCATALOG_COMPILER_APPICON_NAME = AppIcon;
				CODE_SIGN_STYLE = Automatic;
				DEVELOPMENT_TEAM = ZLCFP6QUVG;
				INFOPLIST_FILE = "Photo Collection/Info.plist";
				LD_RUNPATH_SEARCH_PATHS = (
					"$(inherited)",
					"@executable_path/Frameworks",
				);
				PRODUCT_BUNDLE_IDENTIFIER = "com.joeV.Photo-Collection";
				PRODUCT_NAME = "$(TARGET_NAME)";
				SWIFT_VERSION = 5.0;
				TARGETED_DEVICE_FAMILY = "1,2";
			};
			name = Debug;
		};
		8E25F26324521EA500E20DC3 /* Release */ = {
			isa = XCBuildConfiguration;
			buildSettings = {
				ASSETCATALOG_COMPILER_APPICON_NAME = AppIcon;
				CODE_SIGN_STYLE = Automatic;
				DEVELOPMENT_TEAM = ZLCFP6QUVG;
				INFOPLIST_FILE = "Photo Collection/Info.plist";
				LD_RUNPATH_SEARCH_PATHS = (
					"$(inherited)",
					"@executable_path/Frameworks",
				);
				PRODUCT_BUNDLE_IDENTIFIER = "com.joeV.Photo-Collection";
				PRODUCT_NAME = "$(TARGET_NAME)";
				SWIFT_VERSION = 5.0;
				TARGETED_DEVICE_FAMILY = "1,2";
			};
			name = Release;
		};
/* End XCBuildConfiguration section */

/* Begin XCConfigurationList section */
		8E25F24824521EA400E20DC3 /* Build configuration list for PBXProject "Photo Collection" */ = {
			isa = XCConfigurationList;
			buildConfigurations = (
				8E25F25F24521EA500E20DC3 /* Debug */,
				8E25F26024521EA500E20DC3 /* Release */,
			);
			defaultConfigurationIsVisible = 0;
			defaultConfigurationName = Release;
		};
		8E25F26124521EA500E20DC3 /* Build configuration list for PBXNativeTarget "Photo Collection" */ = {
			isa = XCConfigurationList;
			buildConfigurations = (
				8E25F26224521EA500E20DC3 /* Debug */,
				8E25F26324521EA500E20DC3 /* Release */,
			);
			defaultConfigurationIsVisible = 0;
			defaultConfigurationName = Release;
		};
/* End XCConfigurationList section */
	};
	rootObject = 8E25F24524521EA400E20DC3 /* Project object */;
}
